<?xml version="1.0" encoding="utf-8"?>
<Project ToolsVersion="4.0" xmlns="http://schemas.microsoft.com/developer/msbuild/2003">
  <ItemGroup>
    <Filter Include="소스 파일">
      <UniqueIdentifier>{4FC737F1-C7A5-4376-A066-2A32D752A2FF}</UniqueIdentifier>
      <Extensions>cpp;c;cc;cxx;c++;cppm;ixx;def;odl;idl;hpj;bat;asm;asmx</Extensions>
    </Filter>
    <Filter Include="헤더 파일">
      <UniqueIdentifier>{93995380-89BD-4b04-88EB-625FBE52EBFB}</UniqueIdentifier>
      <Extensions>h;hh;hpp;hxx;h++;hm;inl;inc;ipp;xsd</Extensions>
    </Filter>
    <Filter Include="리소스 파일">
      <UniqueIdentifier>{67DA6AB6-F800-4c08-8B7A-83BB121AAD01}</UniqueIdentifier>
      <Extensions>rc;ico;cur;bmp;dlg;rc2;rct;bin;rgs;gif;jpg;jpeg;jpe;resx;tiff;tif;png;wav;mfcribbon-ms</Extensions>
    </Filter>
    <Filter Include="소스 파일\day2">
      <UniqueIdentifier>{72dead54-d0e8-43fb-934b-325e263babae}</UniqueIdentifier>
    </Filter>
    <Filter Include="소스 파일\day3">
      <UniqueIdentifier>{bd00b94e-2d90-49f5-8ea3-8827dd155a20}</UniqueIdentifier>
    </Filter>
    <Filter Include="소스 파일\day4">
      <UniqueIdentifier>{1f0275d3-3bfe-489f-b2b7-f80ce4c3d8aa}</UniqueIdentifier>
    </Filter>
    <Filter Include="소스 파일\day1">
      <UniqueIdentifier>{6f46aaa1-5561-45fb-a8fa-896f493650d9}</UniqueIdentifier>
    </Filter>
    <Filter Include="소스 파일\day5">
      <UniqueIdentifier>{6c81dad4-4905-413e-a29b-576a64dc93e7}</UniqueIdentifier>
    </Filter>
    <Filter Include="소스 파일\day6">
      <UniqueIdentifier>{af842eaf-b9e6-46c4-b072-2459ea5ae949}</UniqueIdentifier>
    </Filter>
    <Filter Include="소스 파일\day7">
      <UniqueIdentifier>{726e5c58-2b82-4cfd-9d11-5fdab286569a}</UniqueIdentifier>
    </Filter>
    <Filter Include="소스 파일\day8">
      <UniqueIdentifier>{851c1293-d70f-48af-bf52-3c73a809ff5b}</UniqueIdentifier>
    </Filter>
    <Filter Include="소스 파일\day9">
      <UniqueIdentifier>{a0779bf1-62d1-4bf8-83e3-329b069da4bb}</UniqueIdentifier>
    </Filter>
  </ItemGroup>
  <ItemGroup>
    <ClCompile Include="변수.c">
      <Filter>소스 파일\day2</Filter>
    </ClCompile>
    <ClCompile Include="변수의출력.c">
      <Filter>소스 파일\day2</Filter>
    </ClCompile>
    <ClCompile Include="자료형.c">
      <Filter>소스 파일\day2</Filter>
    </ClCompile>
    <ClCompile Include="sizeof연산자.c">
      <Filter>소스 파일\day2</Filter>
    </ClCompile>
    <ClCompile Include="아스키코드.c">
      <Filter>소스 파일\day2</Filter>
    </ClCompile>
    <ClCompile Include="상수.c">
      <Filter>소스 파일\day2</Filter>
    </ClCompile>
    <ClCompile Include="언사인드.c">
      <Filter>소스 파일\day3</Filter>
    </ClCompile>
    <ClCompile Include="형식문자와숫자.c">
      <Filter>소스 파일\day3</Filter>
    </ClCompile>
    <ClCompile Include="scanf.c">
      <Filter>소스 파일\day3</Filter>
    </ClCompile>
    <ClCompile Include="연산자.c">
      <Filter>소스 파일\day3</Filter>
    </ClCompile>
    <ClCompile Include="논리연산자.c">
      <Filter>소스 파일\day4</Filter>
    </ClCompile>
    <ClCompile Include="삼항조건연산자.c">
      <Filter>소스 파일\day4</Filter>
    </ClCompile>
    <ClCompile Include="비트단위연산자.c">
      <Filter>소스 파일\day4</Filter>
    </ClCompile>
    <ClCompile Include="day1.c">
      <Filter>소스 파일\day1</Filter>
    </ClCompile>
    <ClCompile Include="기본구조.c">
      <Filter>소스 파일\day1</Filter>
    </ClCompile>
    <ClCompile Include="영어다이아몬드.c">
      <Filter>소스 파일\day1</Filter>
    </ClCompile>
    <ClCompile Include="시프트연산자.c">
      <Filter>소스 파일\day4</Filter>
    </ClCompile>
    <ClCompile Include="if문.c">
      <Filter>소스 파일\day4</Filter>
    </ClCompile>
    <ClCompile Include="elseif.c">
      <Filter>소스 파일\day5</Filter>
    </ClCompile>
    <ClCompile Include="중첩if.c">
      <Filter>소스 파일\day5</Filter>
    </ClCompile>
    <ClCompile Include="switch.c">
      <Filter>소스 파일\day5</Filter>
    </ClCompile>
    <ClCompile Include="환전.c">
      <Filter>소스 파일\day5</Filter>
    </ClCompile>
    <ClCompile Include="계산기.c">
      <Filter>소스 파일\day5</Filter>
    </ClCompile>
    <ClCompile Include="위치이동.c">
      <Filter>소스 파일\day5</Filter>
    </ClCompile>
    <ClCompile Include="while.c">
      <Filter>소스 파일\day6</Filter>
    </ClCompile>
    <ClCompile Include="웨일업다운.c">
      <Filter>소스 파일\day6</Filter>
    </ClCompile>
    <ClCompile Include="연말까지며칠남았을까.c">
      <Filter>소스 파일\day6</Filter>
    </ClCompile>
    <ClCompile Include="dowhile.c">
      <Filter>소스 파일\day6</Filter>
    </ClCompile>
    <ClCompile Include="for.c">
      <Filter>소스 파일\day6</Filter>
    </ClCompile>
    <ClCompile Include="무한루프.c">
      <Filter>소스 파일\day7</Filter>
    </ClCompile>
    <ClCompile Include="break로그인.c">
      <Filter>소스 파일\day7</Filter>
    </ClCompile>
    <ClCompile Include="continue.c">
      <Filter>소스 파일\day7</Filter>
    </ClCompile>
    <ClCompile Include="ATM.c">
      <Filter>소스 파일\day7</Filter>
    </ClCompile>
    <ClCompile Include="중첩for.c">
      <Filter>소스 파일\day7</Filter>
    </ClCompile>
    <ClCompile Include="별트리.c">
      <Filter>소스 파일\day7</Filter>
    </ClCompile>
    <ClCompile Include="난수.c">
      <Filter>소스 파일\day7</Filter>
    </ClCompile>
    <ClCompile Include="랜덤가위바위보.c">
      <Filter>소스 파일\day7</Filter>
    </ClCompile>
    <ClCompile Include="랜덤뽑기.c">
      <Filter>소스 파일\day8</Filter>
    </ClCompile>
    <ClCompile Include="배열.c">
      <Filter>소스 파일\day8</Filter>
    </ClCompile>
    <ClCompile Include="문자열표현.c">
      <Filter>소스 파일\day8</Filter>
    </ClCompile>
    <ClCompile Include="문자입력받기.c">
      <Filter>소스 파일\day8</Filter>
    </ClCompile>
    <ClCompile Include="랜덤직업부여.c">
      <Filter>소스 파일\day8</Filter>
    </ClCompile>
    <ClCompile Include="포인터.c">
      <Filter>소스 파일\day9</Filter>
    </ClCompile>
    <ClCompile Include="포인터와배열.c">
      <Filter>소스 파일\day9</Filter>
    </ClCompile>
    <ClCompile Include="포인터상수.c">
      <Filter>소스 파일\day9</Filter>
    </ClCompile>
    <ClCompile Include="포인터를이용한배열의연산.c">
      <Filter>소스 파일\day9</Filter>
    </ClCompile>
  </ItemGroup>
</Project>